github.com/chai2010/webp v1.4.0 h1:6DA2pkkRUPnbOHvvsmGI3He1hBKf/bkRlniAiSGuEko=
github.com/chai2010/webp v1.4.0/go.mod h1:0XVwvZWdjjdxpUEIf7b9g9VkHFnInUSYujwqTLEuldU=
github.com/zhnxin/golang-image v0.0.0-20191106104659-a555d5bdb107 h1:GJWZ2+X+2OZWJLYOvw4vhig29WjABGlkjvlu1+j+mKQ=
github.com/zhnxin/golang-image v0.0.0-20191106104659-a555d5bdb107/go.mod h1:9oDdtkIlsw7MozCPBGh4uSNNrRxY9/6gPP8xdOwDuUU=
golang.org/x/image v0.46.0 h1:b1+oYj0Jbp6K5MDT4i4/eZpYlk3V8SJhhDKh6LBHAyQ=
golang.org/x/image v0.46.0/go.mod h1:3B3W05VGVQyuXucLINLjXKrqISASfi4Xj+iCVkLMwew=
